// !$*UTF8*$!
{
	archiveVersion = 1;
	classes = {
	};
	objectVersion = 55;
	objects = {

/* Begin PBXBuildFile section */
		F108C342274E15CA008C725A /* DevoteApp.swift in Sources */ = {isa = PBXBuildFile; fileRef = F108C341274E15CA008C725A /* DevoteApp.swift */; };
		F108C344274E15CA008C725A /* ContentView.swift in Sources */ = {isa = PBXBuildFile; fileRef = F108C343274E15CA008C725A /* ContentView.swift */; };
		F108C346274E15CC008C725A /* Assets.xcassets in Resources */ = {isa = PBXBuildFile; fileRef = F108C345274E15CC008C725A /* Assets.xcassets */; };
		F108C349274E15CC008C725A /* Preview Assets.xcassets in Resources */ = {isa = PBXBuildFile; fileRef = F108C348274E15CC008C725A /* Preview Assets.xcassets */; };
		F108C34B274E15CC008C725A /* Persistence.swift in Sources */ = {isa = PBXBuildFile; fileRef = F108C34A274E15CC008C725A /* Persistence.swift */; };
		F108C34E274E15CC008C725A /* Devote.xcdatamodeld in Sources */ = {isa = PBXBuildFile; fileRef = F108C34C274E15CC008C725A /* Devote.xcdatamodeld */; };
		F108C357274E1778008C725A /* sound-ding.mp3 in Resources */ = {isa = PBXBuildFile; fileRef = F108C354274E1778008C725A /* sound-ding.mp3 */; };
		F108C358274E1778008C725A /* sound-rise.mp3 in Resources */ = {isa = PBXBuildFile; fileRef = F108C355274E1778008C725A /* sound-rise.mp3 */; };
		F108C359274E1778008C725A /* sound-tap.mp3 in Resources */ = {isa = PBXBuildFile; fileRef = F108C356274E1778008C725A /* sound-tap.mp3 */; };
		F1AA3F07274E5AED0003C879 /* Constant.swift in Sources */ = {isa = PBXBuildFile; fileRef = F1AA3F06274E5AED0003C879 /* Constant.swift */; };
		F1B02BBE274F70B0007DB2FA /* HideKeyboardExtension.swift in Sources */ = {isa = PBXBuildFile; fileRef = F1B02BBD274F70B0007DB2FA /* HideKeyboardExtension.swift */; };
		F1B02BC0274F7BF8007DB2FA /* BackgroundImageView.swift in Sources */ = {isa = PBXBuildFile; fileRef = F1B02BBF274F7BF8007DB2FA /* BackgroundImageView.swift */; };
		F1B02BC2274F81B4007DB2FA /* NewTaskItemView.swift in Sources */ = {isa = PBXBuildFile; fileRef = F1B02BC1274F81B4007DB2FA /* NewTaskItemView.swift */; };
		F1B02BC4274F8CB7007DB2FA /* BlankView.swift in Sources */ = {isa = PBXBuildFile; fileRef = F1B02BC3274F8CB7007DB2FA /* BlankView.swift */; };
		F1E80FE42750A959009F2925 /* ListRowItemView.swift in Sources */ = {isa = PBXBuildFile; fileRef = F1E80FE32750A959009F2925 /* ListRowItemView.swift */; };
		F1FD12172750B18500C8C7A3 /* CheckboxStyle.swift in Sources */ = {isa = PBXBuildFile; fileRef = F1FD12162750B18500C8C7A3 /* CheckboxStyle.swift */; };
/* End PBXBuildFile section */

/* Begin PBXFileReference section */
		F108C33E274E15CA008C725A /* Devote.app */ = {isa = PBXFileReference; explicitFileType = wrapper.application; includeInIndex = 0; path = Devote.app; sourceTree = BUILT_PRODUCTS_DIR; };
		F108C341274E15CA008C725A /* DevoteApp.swift */ = {isa = PBXFileReference; lastKnownFileType = sourcecode.swift; path = DevoteApp.swift; sourceTree = "<group>"; };
		F108C343274E15CA008C725A /* ContentView.swift */ = {isa = PBXFileReference; lastKnownFileType = sourcecode.swift; path = ContentView.swift; sourceTree = "<group>"; };
		F108C345274E15CC008C725A /* Assets.xcassets */ = {isa = PBXFileReference; lastKnownFileType = folder.assetcatalog; path = Assets.xcassets; sourceTree = "<group>"; };
		F108C348274E15CC008C725A /* Preview Assets.xcassets */ = {isa = PBXFileReference; lastKnownFileType = folder.assetcatalog; path = "Preview Assets.xcassets"; sourceTree = "<group>"; };
		F108C34A274E15CC008C725A /* Persistence.swift */ = {isa = PBXFileReference; lastKnownFileType = sourcecode.swift; path = Persistence.swift; sourceTree = "<group>"; };
		F108C34D274E15CC008C725A /* Devote.xcdatamodel */ = {isa = PBXFileReference; lastKnownFileType = wrapper.xcdatamodel; path = Devote.xcdatamodel; sourceTree = "<group>"; };
		F108C354274E1778008C725A /* sound-ding.mp3 */ = {isa = PBXFileReference; lastKnownFileType = audio.mp3; path = "sound-ding.mp3"; sourceTree = "<group>"; };
		F108C355274E1778008C725A /* sound-rise.mp3 */ = {isa = PBXFileReference; lastKnownFileType = audio.mp3; path = "sound-rise.mp3"; sourceTree = "<group>"; };
		F108C356274E1778008C725A /* sound-tap.mp3 */ = {isa = PBXFileReference; lastKnownFileType = audio.mp3; path = "sound-tap.mp3"; sourceTree = "<group>"; };
		F1AA3F05274E19D20003C879 /* Info.plist */ = {isa = PBXFileReference; lastKnownFileType = text.plist; path = Info.plist; sourceTree = "<group>"; };
		F1AA3F06274E5AED0003C879 /* Constant.swift */ = {isa = PBXFileReference; lastKnownFileType = sourcecode.swift; path = Constant.swift; sourceTree = "<group>"; };
		F1B02BBD274F70B0007DB2FA /* HideKeyboardExtension.swift */ = {isa = PBXFileReference; lastKnownFileType = sourcecode.swift; path = HideKeyboardExtension.swift; sourceTree = "<group>"; };
		F1B02BBF274F7BF8007DB2FA /* BackgroundImageView.swift */ = {isa = PBXFileReference; lastKnownFileType = sourcecode.swift; path = BackgroundImageView.swift; sourceTree = "<group>"; };
		F1B02BC1274F81B4007DB2FA /* NewTaskItemView.swift */ = {isa = PBXFileReference; lastKnownFileType = sourcecode.swift; path = NewTaskItemView.swift; sourceTree = "<group>"; };
		F1B02BC3274F8CB7007DB2FA /* BlankView.swift */ = {isa = PBXFileReference; lastKnownFileType = sourcecode.swift; path = BlankView.swift; sourceTree = "<group>"; };
		F1E80FE32750A959009F2925 /* ListRowItemView.swift */ = {isa = PBXFileReference; lastKnownFileType = sourcecode.swift; path = ListRowItemView.swift; sourceTree = "<group>"; };
		F1FD12162750B18500C8C7A3 /* CheckboxStyle.swift */ = {isa = PBXFileReference; lastKnownFileType = sourcecode.swift; path = CheckboxStyle.swift; sourceTree = "<group>"; };
/* End PBXFileReference section */

/* Begin PBXFrameworksBuildPhase section */
		F108C33B274E15CA008C725A /* Frameworks */ = {
			isa = PBXFrameworksBuildPhase;
			buildActionMask = 2147483647;
			files = (
			);
			runOnlyForDeploymentPostprocessing = 0;
		};
/* End PBXFrameworksBuildPhase section */

/* Begin PBXGroup section */
		F108C335274E15CA008C725A = {
			isa = PBXGroup;
			children = (
				F108C340274E15CA008C725A /* Devote */,
				F108C33F274E15CA008C725A /* Products */,
			);
			sourceTree = "<group>";
		};
		F108C33F274E15CA008C725A /* Products */ = {
			isa = PBXGroup;
			children = (
				F108C33E274E15CA008C725A /* Devote.app */,
			);
			name = Products;
			sourceTree = "<group>";
		};
		F108C340274E15CA008C725A /* Devote */ = {
			isa = PBXGroup;
			children = (
				F1AA3F05274E19D20003C879 /* Info.plist */,
				F108C341274E15CA008C725A /* DevoteApp.swift */,
				F108C35B274E17AF008C725A /* Views */,
				F108C345274E15CC008C725A /* Assets.xcassets */,
				F1AA3F03274E18CB0003C879 /* Models */,
				F108C35D274E17CF008C725A /* Style */,
				F1AA3F04274E19110003C879 /* Utility */,
				F108C35C274E17C0008C725A /* Extension */,
				F108C35A274E1792008C725A /* Sound */,
				F108C347274E15CC008C725A /* Preview Content */,
			);
			path = Devote;
			sourceTree = "<group>";
		};
		F108C347274E15CC008C725A /* Preview Content */ = {
			isa = PBXGroup;
			children = (
				F108C348274E15CC008C725A /* Preview Assets.xcassets */,
			);
			path = "Preview Content";
			sourceTree = "<group>";
		};
		F108C35A274E1792008C725A /* Sound */ = {
			isa = PBXGroup;
			children = (
				F108C354274E1778008C725A /* sound-ding.mp3 */,
				F108C355274E1778008C725A /* sound-rise.mp3 */,
				F108C356274E1778008C725A /* sound-tap.mp3 */,
			);
			path = Sound;
			sourceTree = "<group>";
		};
		F108C35B274E17AF008C725A /* Views */ = {
			isa = PBXGroup;
			children = (
				F108C343274E15CA008C725A /* ContentView.swift */,
				F1B02BBF274F7BF8007DB2FA /* BackgroundImageView.swift */,
				F1B02BC1274F81B4007DB2FA /* NewTaskItemView.swift */,
				F1B02BC3274F8CB7007DB2FA /* BlankView.swift */,
				F1E80FE32750A959009F2925 /* ListRowItemView.swift */,
			);
			path = Views;
			sourceTree = "<group>";
		};
		F108C35C274E17C0008C725A /* Extension */ = {
			isa = PBXGroup;
			children = (
				F1B02BBD274F70B0007DB2FA /* HideKeyboardExtension.swift */,
			);
			path = Extension;
			sourceTree = "<group>";
		};
		F108C35D274E17CF008C725A /* Style */ = {
			isa = PBXGroup;
			children = (
				F1FD12162750B18500C8C7A3 /* CheckboxStyle.swift */,
			);
			path = Style;
			sourceTree = "<group>";
		};
		F1AA3F03274E18CB0003C879 /* Models */ = {
			isa = PBXGroup;
			children = (
				F108C34A274E15CC008C725A /* Persistence.swift */,
				F108C34C274E15CC008C725A /* Devote.xcdatamodeld */,
			);
			path = Models;
			sourceTree = "<group>";
		};
		F1AA3F04274E19110003C879 /* Utility */ = {
			isa = PBXGroup;
			children = (
				F1AA3F06274E5AED0003C879 /* Constant.swift */,
			);
			path = Utility;
			sourceTree = "<group>";
		};
/* End PBXGroup section */

/* Begin PBXNativeTarget section */
		F108C33D274E15CA008C725A /* Devote */ = {
			isa = PBXNativeTarget;
			buildConfigurationList = F108C351274E15CC008C725A /* Build configuration list for PBXNativeTarget "Devote" */;
			buildPhases = (
				F108C33A274E15CA008C725A /* Sources */,
				F108C33B274E15CA008C725A /* Frameworks */,
				F108C33C274E15CA008C725A /* Resources */,
			);
			buildRules = (
			);
			dependencies = (
			);
			name = Devote;
			productName = Devote;
			productReference = F108C33E274E15CA008C725A /* Devote.app */;
			productType = "com.apple.product-type.application";
		};
/* End PBXNativeTarget section */

/* Begin PBXProject section */
		F108C336274E15CA008C725A /* Project object */ = {
			isa = PBXProject;
			attributes = {
				BuildIndependentTargetsInParallel = 1;
				LastSwiftUpdateCheck = 1310;
				LastUpgradeCheck = 1310;
				TargetAttributes = {
					F108C33D274E15CA008C725A = {
						CreatedOnToolsVersion = 13.1;
					};
				};
			};
			buildConfigurationList = F108C339274E15CA008C725A /* Build configuration list for PBXProject "Devote" */;
			compatibilityVersion = "Xcode 13.0";
			developmentRegion = en;
			hasScannedForEncodings = 0;
			knownRegions = (
				en,
				Base,
			);
			mainGroup = F108C335274E15CA008C725A;
			productRefGroup = F108C33F274E15CA008C725A /* Products */;
			projectDirPath = "";
			projectRoot = "";
			targets = (
				F108C33D274E15CA008C725A /* Devote */,
			);
		};
/* End PBXProject section */

/* Begin PBXResourcesBuildPhase section */
		F108C33C274E15CA008C725A /* Resources */ = {
			isa = PBXResourcesBuildPhase;
			buildActionMask = 2147483647;
			files = (
				F108C349274E15CC008C725A /* Preview Assets.xcassets in Resources */,
				F108C358274E1778008C725A /* sound-rise.mp3 in Resources */,
				F108C346274E15CC008C725A /* Assets.xcassets in Resources */,
				F108C359274E1778008C725A /* sound-tap.mp3 in Resources */,
				F108C357274E1778008C725A /* sound-ding.mp3 in Resources */,
			);
			runOnlyForDeploymentPostprocessing = 0;
		};
/* End PBXResourcesBuildPhase section */

/* Begin PBXSourcesBuildPhase section */
		F108C33A274E15CA008C725A /* Sources */ = {
			isa = PBXSourcesBuildPhase;
			buildActionMask = 2147483647;
			files = (
				F108C34B274E15CC008C725A /* Persistence.swift in Sources */,
				F1B02BC0274F7BF8007DB2FA /* BackgroundImageView.swift in Sources */,
				F108C344274E15CA008C725A /* ContentView.swift in Sources */,
				F1B02BBE274F70B0007DB2FA /* HideKeyboardExtension.swift in Sources */,
				F1B02BC4274F8CB7007DB2FA /* BlankView.swift in Sources */,
				F1AA3F07274E5AED0003C879 /* Constant.swift in Sources */,
				F1E80FE42750A959009F2925 /* ListRowItemView.swift in Sources */,
				F108C34E274E15CC008C725A /* Devote.xcdatamodeld in Sources */,
				F108C342274E15CA008C725A /* DevoteApp.swift in Sources */,
				F1FD12172750B18500C8C7A3 /* CheckboxStyle.swift in Sources */,
				F1B02BC2274F81B4007DB2FA /* NewTaskItemView.swift in Sources */,
			);
			runOnlyForDeploymentPostprocessing = 0;
		};
/* End PBXSourcesBuildPhase section */

/* Begin XCBuildConfiguration section */
		F108C34F274E15CC008C725A /* Debug */ = {
			isa = XCBuildConfiguration;
			buildSettings = {
				ALWAYS_SEARCH_USER_PATHS = NO;
				CLANG_ANALYZER_NONNULL = YES;
				CLANG_ANALYZER_NUMBER_OBJECT_CONVERSION = YES_AGGRESSIVE;
				CLANG_CXX_LANGUAGE_STANDARD = "gnu++17";
				CLANG_CXX_LIBRARY = "libc++";
				CLANG_ENABLE_MODULES = YES;
				CLANG_ENABLE_OBJC_ARC = YES;
				CLANG_ENABLE_OBJC_WEAK = YES;
				CLANG_WARN_BLOCK_CAPTURE_AUTORELEASING = YES;
				CLANG_WARN_BOOL_CONVERSION = YES;
				CLANG_WARN_COMMA = YES;
				CLANG_WARN_CONSTANT_CONVERSION = YES;
				CLANG_WARN_DEPRECATED_OBJC_IMPLEMENTATIONS = YES;
				CLANG_WARN_DIRECT_OBJC_ISA_USAGE = YES_ERROR;
				CLANG_WARN_DOCUMENTATION_COMMENTS = YES;
				CLANG_WARN_EMPTY_BODY = YES;
				CLANG_WARN_ENUM_CONVERSION = YES;
				CLANG_WARN_INFINITE_RECURSION = YES;
				CLANG_WARN_INT_CONVERSION = YES;
				CLANG_WARN_NON_LITERAL_NULL_CONVERSION = YES;
				CLANG_WARN_OBJC_IMPLICIT_RETAIN_SELF = YES;
				CLANG_WARN_OBJC_LITERAL_CONVERSION = YES;
				CLANG_WARN_OBJC_ROOT_CLASS = YES_ERROR;
				CLANG_WARN_QUOTED_INCLUDE_IN_FRAMEWORK_HEADER = YES;
				CLANG_WARN_RANGE_LOOP_ANALYSIS = YES;
				CLANG_WARN_STRICT_PROTOTYPES = YES;
				CLANG_WARN_SUSPICIOUS_MOVE = YES;
				CLANG_WARN_UNGUARDED_AVAILABILITY = YES_AGGRESSIVE;
				CLANG_WARN_UNREACHABLE_CODE = YES;
				CLANG_WARN__DUPLICATE_METHOD_MATCH = YES;
				COPY_PHASE_STRIP = NO;
				DEBUG_INFORMATION_FORMAT = dwarf;
				ENABLE_STRICT_OBJC_MSGSEND = YES;
				ENABLE_TESTABILITY = YES;
				GCC_C_LANGUAGE_STANDARD = gnu11;
				GCC_DYNAMIC_NO_PIC = NO;
				GCC_NO_COMMON_BLOCKS = YES;
				GCC_OPTIMIZATION_LEVEL = 0;
				GCC_PREPROCESSOR_DEFINITIONS = (
					"DEBUG=1",
					"$(inherited)",
				);
				GCC_WARN_64_TO_32_BIT_CONVERSION = YES;
				GCC_WARN_ABOUT_RETURN_TYPE = YES_ERROR;
				GCC_WARN_UNDECLARED_SELECTOR = YES;
				GCC_WARN_UNINITIALIZED_AUTOS = YES_AGGRESSIVE;
				GCC_WARN_UNUSED_FUNCTION = YES;
				GCC_WARN_UNUSED_VARIABLE = YES;
				IPHONEOS_DEPLOYMENT_TARGET = 15.0;
				MTL_ENABLE_DEBUG_INFO = INCLUDE_SOURCE;
				MTL_FAST_MATH = YES;
				ONLY_ACTIVE_ARCH = YES;
				SDKROOT = iphoneos;
				SWIFT_ACTIVE_COMPILATION_CONDITIONS = DEBUG;
				SWIFT_OPTIMIZATION_LEVEL = "-Onone";
			};
			name = Debug;
		};
		F108C350274E15CC008C725A /* Release */ = {
			isa = XCBuildConfiguration;
			buildSettings = {
				ALWAYS_SEARCH_USER_PATHS = NO;
				CLANG_ANALYZER_NONNULL = YES;
				CLANG_ANALYZER_NUMBER_OBJECT_CONVERSION = YES_AGGRESSIVE;
				CLANG_CXX_LANGUAGE_STANDARD = "gnu++17";
				CLANG_CXX_LIBRARY = "libc++";
				CLANG_ENABLE_MODULES = YES;
				CLANG_ENABLE_OBJC_ARC = YES;
				CLANG_ENABLE_OBJC_WEAK = YES;
				CLANG_WARN_BLOCK_CAPTURE_AUTORELEASING = YES;
				CLANG_WARN_BOOL_CONVERSION = YES;
				CLANG_WARN_COMMA = YES;
				CLANG_WARN_CONSTANT_CONVERSION = YES;
				CLANG_WARN_DEPRECATED_OBJC_IMPLEMENTATIONS = YES;
				CLANG_WARN_DIRECT_OBJC_ISA_USAGE = YES_ERROR;
				CLANG_WARN_DOCUMENTATION_COMMENTS = YES;
				CLANG_WARN_EMPTY_BODY = YES;
				CLANG_WARN_ENUM_CONVERSION = YES;
				CLANG_WARN_INFINITE_RECURSION = YES;
				CLANG_WARN_INT_CONVERSION = YES;
				CLANG_WARN_NON_LITERAL_NULL_CONVERSION = YES;
				CLANG_WARN_OBJC_IMPLICIT_RETAIN_SELF = YES;
				CLANG_WARN_OBJC_LITERAL_CONVERSION = YES;
				CLANG_WARN_OBJC_ROOT_CLASS = YES_ERROR;
				CLANG_WARN_QUOTED_INCLUDE_IN_FRAMEWORK_HEADER = YES;
				CLANG_WARN_RANGE_LOOP_ANALYSIS = YES;
				CLANG_WARN_STRICT_PROTOTYPES = YES;
				CLANG_WARN_SUSPICIOUS_MOVE = YES;
				CLANG_WARN_UNGUARDED_AVAILABILITY = YES_AGGRESSIVE;
				CLANG_WARN_UNREACHABLE_CODE = YES;
				CLANG_WARN__DUPLICATE_METHOD_MATCH = YES;
				COPY_PHASE_STRIP = NO;
				DEBUG_INFORMATION_FORMAT = "dwarf-with-dsym";
				ENABLE_NS_ASSERTIONS = NO;
				ENABLE_STRICT_OBJC_MSGSEND = YES;
				GCC_C_LANGUAGE_STANDARD = gnu11;
				GCC_NO_COMMON_BLOCKS = YES;
				GCC_WARN_64_TO_32_BIT_CONVERSION = YES;
				GCC_WARN_ABOUT_RETURN_TYPE = YES_ERROR;
				GCC_WARN_UNDECLARED_SELECTOR = YES;
				GCC_WARN_UNINITIALIZED_AUTOS = YES_AGGRESSIVE;
				GCC_WARN_UNUSED_FUNCTION = YES;
				GCC_WARN_UNUSED_VARIABLE = YES;
				IPHONEOS_DEPLOYMENT_TARGET = 15.0;
				MTL_ENABLE_DEBUG_INFO = NO;
				MTL_FAST_MATH = YES;
				SDKROOT = iphoneos;
				SWIFT_COMPILATION_MODE = wholemodule;
				SWIFT_OPTIMIZATION_LEVEL = "-O";
				VALIDATE_PRODUCT = YES;
			};
			name = Release;
		};
		F108C352274E15CC008C725A /* Debug */ = {
			isa = XCBuildConfiguration;
			buildSettings = {
				ASSETCATALOG_COMPILER_APPICON_NAME = AppIcon;
				ASSETCATALOG_COMPILER_GLOBAL_ACCENT_COLOR_NAME = AccentColor;
				CODE_SIGN_STYLE = Automatic;
				CURRENT_PROJECT_VERSION = 1;
				DEVELOPMENT_ASSET_PATHS = "\"Devote/Preview Content\"";
				DEVELOPMENT_TEAM = S723YCT5MN;
				ENABLE_PREVIEWS = YES;
				GENERATE_INFOPLIST_FILE = YES;
				INFOPLIST_FILE = Devote/Info.plist;
				INFOPLIST_KEY_UIApplicationSceneManifest_Generation = YES;
				INFOPLIST_KEY_UIApplicationSupportsIndirectInputEvents = YES;
				INFOPLIST_KEY_UISupportedInterfaceOrientations = UIInterfaceOrientationPortrait;
				INFOPLIST_KEY_UISupportedInterfaceOrientations_iPad = "UIInterfaceOrientationPortrait UIInterfaceOrientationPortraitUpsideDown UIInterfaceOrientationLandscapeLeft UIInterfaceOrientationLandscapeRight";
				INFOPLIST_KEY_UISupportedInterfaceOrientations_iPhone = "UIInterfaceOrientationPortrait UIInterfaceOrientationLandscapeLeft UIInterfaceOrientationLandscapeRight";
				LD_RUNPATH_SEARCH_PATHS = (
					"$(inherited)",
					"@executable_path/Frameworks",
				);
				MARKETING_VERSION = 1.0;
				PRODUCT_BUNDLE_IDENTIFIER = yok.com.Devote;
				PRODUCT_NAME = "$(TARGET_NAME)";
				SWIFT_EMIT_LOC_STRINGS = YES;
				SWIFT_VERSION = 5.0;
				TARGETED_DEVICE_FAMILY = "1,2";
			};
			name = Debug;
		};
		F108C353274E15CC008C725A /* Release */ = {
			isa = XCBuildConfiguration;
			buildSettings = {
				ASSETCATALOG_COMPILER_APPICON_NAME = AppIcon;
				ASSETCATALOG_COMPILER_GLOBAL_ACCENT_COLOR_NAME = AccentColor;
				CODE_SIGN_STYLE = Automatic;
				CURRENT_PROJECT_VERSION = 1;
				DEVELOPMENT_ASSET_PATHS = "\"Devote/Preview Content\"";
				DEVELOPMENT_TEAM = S723YCT5MN;
				ENABLE_PREVIEWS = YES;
				GENERATE_INFOPLIST_FILE = YES;
				INFOPLIST_FILE = Devote/Info.plist;
				INFOPLIST_KEY_UIApplicationSceneManifest_Generation = YES;
				INFOPLIST_KEY_UIApplicationSupportsIndirectInputEvents = YES;
				INFOPLIST_KEY_UISupportedInterfaceOrientations = UIInterfaceOrientationPortrait;
				INFOPLIST_KEY_UISupportedInterfaceOrientations_iPad = "UIInterfaceOrientationPortrait UIInterfaceOrientationPortraitUpsideDown UIInterfaceOrientationLandscapeLeft UIInterfaceOrientationLandscapeRight";
				INFOPLIST_KEY_UISupportedInterfaceOrientations_iPhone = "UIInterfaceOrientationPortrait UIInterfaceOrientationLandscapeLeft UIInterfaceOrientationLandscapeRight";
				LD_RUNPATH_SEARCH_PATHS = (
					"$(inherited)",
					"@executable_path/Frameworks",
				);
				MARKETING_VERSION = 1.0;
				PRODUCT_BUNDLE_IDENTIFIER = yok.com.Devote;
				PRODUCT_NAME = "$(TARGET_NAME)";
				SWIFT_EMIT_LOC_STRINGS = YES;
				SWIFT_VERSION = 5.0;
				TARGETED_DEVICE_FAMILY = "1,2";
			};
			name = Release;
		};
/* End XCBuildConfiguration section */

/* Begin XCConfigurationList section */
		F108C339274E15CA008C725A /* Build configuration list for PBXProject "Devote" */ = {
			isa = XCConfigurationList;
			buildConfigurations = (
				F108C34F274E15CC008C725A /* Debug */,
				F108C350274E15CC008C725A /* Release */,
			);
			defaultConfigurationIsVisible = 0;
			defaultConfigurationName = Release;
		};
		F108C351274E15CC008C725A /* Build configuration list for PBXNativeTarget "Devote" */ = {
			isa = XCConfigurationList;
			buildConfigurations = (
				F108C352274E15CC008C725A /* Debug */,
				F108C353274E15CC008C725A /* Release */,
			);
			defaultConfigurationIsVisible = 0;
			defaultConfigurationName = Release;
		};
/* End XCConfigurationList section */

/* Begin XCVersionGroup section */
		F108C34C274E15CC008C725A /* Devote.xcdatamodeld */ = {
			isa = XCVersionGroup;
			children = (
				F108C34D274E15CC008C725A /* Devote.xcdatamodel */,
			);
			currentVersion = F108C34D274E15CC008C725A /* Devote.xcdatamodel */;
			path = Devote.xcdatamodeld;
			sourceTree = "<group>";
			versionGroupType = wrapper.xcdatamodel;
		};
/* End XCVersionGroup section */
	};
	rootObject = F108C336274E15CA008C725A /* Project object */;
}
